{
  "object": {
    "pins": [
      {
        "package": "DeviceKit",
        "repositoryURL": "https://github.com/ytyubox/DeviceKit.git",
        "state": {
          "branch": "custom",
          "revision": "72610aed83e45c7ba9c05da25ca46c2e8dfd33b6",
          "version": null
        }
      },
      {
        "package": "Difference",
        "repositoryURL": "https://github.com/krzysztofzablocki/Difference.git",
        "state": {
          "branch": "master",
          "revision": "6b121174e4a4bfed28ef8bb725156fac6e7c12bc",
          "version": null
        }
      }
    ]
  },
  "version": 1
}
