{
  "object": {
    "pins": [
      {
        "package": "DeviceKit",
        "repositoryURL": "https://github.com/ytyubox/DeviceKit.git",
        "state": {
          "branch": null,
          "revision": "e5b8c37fcab38d0a2c43a551fe9edf122b40b293",
          "version": "4.4.1"
        }
      },
      {
        "package": "Difference",
        "repositoryURL": "https://github.com/ytyubox/Difference.git",
        "state": {
          "branch": null,
          "revision": "6b121174e4a4bfed28ef8bb725156fac6e7c12bc",
          "version": "0.6.1"
        }
      }
    ]
  },
  "version": 1
}
