{
  "object": {
    "pins": [
      {
        "package": "DeviceKit",
        "repositoryURL": "https://github.com/devicekit/DeviceKit.git",
        "state": {
          "branch": null,
          "revision": "4cf9f057db69104851634269f7839f8d0bd346a3",
          "version": "4.3.0"
        }
      }
    ]
  },
  "version": 1
}
